
Microsoft Visual Studio Solution File, Format Version 12.00
# Visual Studio 2013
VisualStudioVersion = 12.0.31101.0
MinimumVisualStudioVersion = 10.0.40219.1
Project("{FAE04EC0-301F-11D3-BF4B-00C04F79EFBC}") = "KaeSoft.Core", "KaeSoft.Core\KaeSoft.Core.csproj", "{C741B31D-B850-4121-A0B3-1C2AA6C5366A}"
EndProject
Project("{FAE04EC0-301F-11D3-BF4B-00C04F79EFBC}") = "KaeSoft.Core.Tests", "KaeSoft.Core.Tests\KaeSoft.Core.Tests.csproj", "{2421CBE9-13BE-460A-91E0-AD1FF6CF3C1A}"
EndProject
Global
	GlobalSection(SolutionConfigurationPlatforms) = preSolution
		Debug|Any CPU = Debug|Any CPU
		Release|Any CPU = Release|Any CPU
	EndGlobalSection
	GlobalSection(ProjectConfigurationPlatforms) = postSolution
		{C741B31D-B850-4121-A0B3-1C2AA6C5366A}.Debug|Any CPU.ActiveCfg = Debug|Any CPU
		{C741B31D-B850-4121-A0B3-1C2AA6C5366A}.Debug|Any CPU.Build.0 = Debug|Any CPU
		{C741B31D-B850-4121-A0B3-1C2AA6C5366A}.Release|Any CPU.ActiveCfg = Release|Any CPU
		{C741B31D-B850-4121-A0B3-1C2AA6C5366A}.Release|Any CPU.Build.0 = Release|Any CPU
		{2421CBE9-13BE-460A-91E0-AD1FF6CF3C1A}.Debug|Any CPU.ActiveCfg = Debug|Any CPU
		{2421CBE9-13BE-460A-91E0-AD1FF6CF3C1A}.Debug|Any CPU.Build.0 = Debug|Any CPU
		{2421CBE9-13BE-460A-91E0-AD1FF6CF3C1A}.Release|Any CPU.ActiveCfg = Release|Any CPU
		{2421CBE9-13BE-460A-91E0-AD1FF6CF3C1A}.Release|Any CPU.Build.0 = Release|Any CPU
	EndGlobalSection
	GlobalSection(SolutionProperties) = preSolution
		HideSolutionNode = FALSE
	EndGlobalSection
EndGlobal
