
Microsoft Visual Studio Solution File, Format Version 12.00
# Visual Studio 2013
VisualStudioVersion = 12.0.31101.0
MinimumVisualStudioVersion = 10.0.40219.1
Project("{FAE04EC0-301F-11D3-BF4B-00C04F79EFBC}") = "KaeSoft.Core", "KaeSoft.Core\KaeSoft.Core.csproj", "{C741B31D-B850-4121-A0B3-1C2AA6C5366A}"
EndProject
Project("{FAE04EC0-301F-11D3-BF4B-00C04F79EFBC}") = "KaeSoft.Core.Tests", "KaeSoft.Core.Tests\KaeSoft.Core.Tests.csproj", "{2421CBE9-13BE-460A-91E0-AD1FF6CF3C1A}"
EndProject
Project("{2150E333-8FDC-42A3-9474-1A3956D46DE8}") = "Solution Items", "Solution Items", "{97A3C25B-C771-4884-97F2-8FA592F1FF20}"
	ProjectSection(SolutionItems) = preProject
		KaeSoft.Core\KaeSoft.Core.nuspec = KaeSoft.Core\KaeSoft.Core.nuspec
	EndProjectSection
EndProject
Project("{FAE04EC0-301F-11D3-BF4B-00C04F79EFBC}") = "KaeSoft.Reactive.Tests", "KaeSoft.Reactive.Tests\KaeSoft.Reactive.Tests.csproj", "{333EA713-F158-4B24-82E9-E251B55BE223}"
EndProject
Project("{2150E333-8FDC-42A3-9474-1A3956D46DE8}") = "Tests", "Tests", "{1FCC446E-126F-46D5-B8A0-D24536F02E56}"
EndProject
Project("{FAE04EC0-301F-11D3-BF4B-00C04F79EFBC}") = "KaeSoft.Reactive", "KaeSoft.Reactive\KaeSoft.Reactive.csproj", "{4977660F-7925-4D03-AB8C-3D013DEEAF3F}"
EndProject
Project("{FAE04EC0-301F-11D3-BF4B-00C04F79EFBC}") = "Kae.Networking", "Kae.Networking\Kae.Networking.csproj", "{083643BC-0720-43B5-A017-B4DCE0AE6550}"
EndProject
Global
	GlobalSection(SolutionConfigurationPlatforms) = preSolution
		Debug|Any CPU = Debug|Any CPU
		Release|Any CPU = Release|Any CPU
	EndGlobalSection
	GlobalSection(ProjectConfigurationPlatforms) = postSolution
		{C741B31D-B850-4121-A0B3-1C2AA6C5366A}.Debug|Any CPU.ActiveCfg = Debug|Any CPU
		{C741B31D-B850-4121-A0B3-1C2AA6C5366A}.Debug|Any CPU.Build.0 = Debug|Any CPU
		{C741B31D-B850-4121-A0B3-1C2AA6C5366A}.Release|Any CPU.ActiveCfg = Release|Any CPU
		{C741B31D-B850-4121-A0B3-1C2AA6C5366A}.Release|Any CPU.Build.0 = Release|Any CPU
		{2421CBE9-13BE-460A-91E0-AD1FF6CF3C1A}.Debug|Any CPU.ActiveCfg = Debug|Any CPU
		{2421CBE9-13BE-460A-91E0-AD1FF6CF3C1A}.Debug|Any CPU.Build.0 = Debug|Any CPU
		{2421CBE9-13BE-460A-91E0-AD1FF6CF3C1A}.Release|Any CPU.ActiveCfg = Release|Any CPU
		{2421CBE9-13BE-460A-91E0-AD1FF6CF3C1A}.Release|Any CPU.Build.0 = Release|Any CPU
		{333EA713-F158-4B24-82E9-E251B55BE223}.Debug|Any CPU.ActiveCfg = Debug|Any CPU
		{333EA713-F158-4B24-82E9-E251B55BE223}.Debug|Any CPU.Build.0 = Debug|Any CPU
		{333EA713-F158-4B24-82E9-E251B55BE223}.Release|Any CPU.ActiveCfg = Release|Any CPU
		{333EA713-F158-4B24-82E9-E251B55BE223}.Release|Any CPU.Build.0 = Release|Any CPU
		{4977660F-7925-4D03-AB8C-3D013DEEAF3F}.Debug|Any CPU.ActiveCfg = Debug|Any CPU
		{4977660F-7925-4D03-AB8C-3D013DEEAF3F}.Debug|Any CPU.Build.0 = Debug|Any CPU
		{4977660F-7925-4D03-AB8C-3D013DEEAF3F}.Release|Any CPU.ActiveCfg = Release|Any CPU
		{4977660F-7925-4D03-AB8C-3D013DEEAF3F}.Release|Any CPU.Build.0 = Release|Any CPU
		{083643BC-0720-43B5-A017-B4DCE0AE6550}.Debug|Any CPU.ActiveCfg = Debug|Any CPU
		{083643BC-0720-43B5-A017-B4DCE0AE6550}.Debug|Any CPU.Build.0 = Debug|Any CPU
		{083643BC-0720-43B5-A017-B4DCE0AE6550}.Release|Any CPU.ActiveCfg = Release|Any CPU
		{083643BC-0720-43B5-A017-B4DCE0AE6550}.Release|Any CPU.Build.0 = Release|Any CPU
	EndGlobalSection
	GlobalSection(SolutionProperties) = preSolution
		HideSolutionNode = FALSE
	EndGlobalSection
	GlobalSection(NestedProjects) = preSolution
		{2421CBE9-13BE-460A-91E0-AD1FF6CF3C1A} = {1FCC446E-126F-46D5-B8A0-D24536F02E56}
		{333EA713-F158-4B24-82E9-E251B55BE223} = {1FCC446E-126F-46D5-B8A0-D24536F02E56}
	EndGlobalSection
EndGlobal
